// !$*UTF8*$!
{
	archiveVersion = 1;
	classes = {
	};
	objectVersion = 56;
	objects = {

/* Begin PBXBuildFile section */
		671BDDE92B0A5ECE0097136B /* Slide_NumberApp.swift in Sources */ = {isa = PBXBuildFile; fileRef = 671BDDE82B0A5ECE0097136B /* Slide_NumberApp.swift */; };
		671BDDEB2B0A5ECE0097136B /* ContentView.swift in Sources */ = {isa = PBXBuildFile; fileRef = 671BDDEA2B0A5ECE0097136B /* ContentView.swift */; };
		671BDDED2B0A5ECF0097136B /* Assets.xcassets in Resources */ = {isa = PBXBuildFile; fileRef = 671BDDEC2B0A5ECF0097136B /* Assets.xcassets */; };
		671BDDF02B0A5ECF0097136B /* Preview Assets.xcassets in Resources */ = {isa = PBXBuildFile; fileRef = 671BDDEF2B0A5ECF0097136B /* Preview Assets.xcassets */; };
		671BDDFA2B0A5ED00097136B /* Slide_NumberTests.swift in Sources */ = {isa = PBXBuildFile; fileRef = 671BDDF92B0A5ED00097136B /* Slide_NumberTests.swift */; };
		671BDE042B0A5ED00097136B /* Slide_NumberUITests.swift in Sources */ = {isa = PBXBuildFile; fileRef = 671BDE032B0A5ED00097136B /* Slide_NumberUITests.swift */; };
		671BDE062B0A5ED00097136B /* Slide_NumberUITestsLaunchTests.swift in Sources */ = {isa = PBXBuildFile; fileRef = 671BDE052B0A5ED00097136B /* Slide_NumberUITestsLaunchTests.swift */; };
/* End PBXBuildFile section */

/* Begin PBXContainerItemProxy section */
		671BDDF62B0A5ED00097136B /* PBXContainerItemProxy */ = {
			isa = PBXContainerItemProxy;
			containerPortal = 671BDDDD2B0A5ECE0097136B /* Project object */;
			proxyType = 1;
			remoteGlobalIDString = 671BDDE42B0A5ECE0097136B;
			remoteInfo = "Slide Number";
		};
		671BDE002B0A5ED00097136B /* PBXContainerItemProxy */ = {
			isa = PBXContainerItemProxy;
			containerPortal = 671BDDDD2B0A5ECE0097136B /* Project object */;
			proxyType = 1;
			remoteGlobalIDString = 671BDDE42B0A5ECE0097136B;
			remoteInfo = "Slide Number";
		};
/* End PBXContainerItemProxy section */

/* Begin PBXFileReference section */
		671BDDE52B0A5ECE0097136B /* Slide Number.app */ = {isa = PBXFileReference; explicitFileType = wrapper.application; includeInIndex = 0; path = "Slide Number.app"; sourceTree = BUILT_PRODUCTS_DIR; };
		671BDDE82B0A5ECE0097136B /* Slide_NumberApp.swift */ = {isa = PBXFileReference; lastKnownFileType = sourcecode.swift; path = Slide_NumberApp.swift; sourceTree = "<group>"; };
		671BDDEA2B0A5ECE0097136B /* ContentView.swift */ = {isa = PBXFileReference; lastKnownFileType = sourcecode.swift; path = ContentView.swift; sourceTree = "<group>"; };
		671BDDEC2B0A5ECF0097136B /* Assets.xcassets */ = {isa = PBXFileReference; lastKnownFileType = folder.assetcatalog; path = Assets.xcassets; sourceTree = "<group>"; };
		671BDDEF2B0A5ECF0097136B /* Preview Assets.xcassets */ = {isa = PBXFileReference; lastKnownFileType = folder.assetcatalog; path = "Preview Assets.xcassets"; sourceTree = "<group>"; };
		671BDDF52B0A5ED00097136B /* Slide NumberTests.xctest */ = {isa = PBXFileReference; explicitFileType = wrapper.cfbundle; includeInIndex = 0; path = "Slide NumberTests.xctest"; sourceTree = BUILT_PRODUCTS_DIR; };
		671BDDF92B0A5ED00097136B /* Slide_NumberTests.swift */ = {isa = PBXFileReference; lastKnownFileType = sourcecode.swift; path = Slide_NumberTests.swift; sourceTree = "<group>"; };
		671BDDFF2B0A5ED00097136B /* Slide NumberUITests.xctest */ = {isa = PBXFileReference; explicitFileType = wrapper.cfbundle; includeInIndex = 0; path = "Slide NumberUITests.xctest"; sourceTree = BUILT_PRODUCTS_DIR; };
		671BDE032B0A5ED00097136B /* Slide_NumberUITests.swift */ = {isa = PBXFileReference; lastKnownFileType = sourcecode.swift; path = Slide_NumberUITests.swift; sourceTree = "<group>"; };
		671BDE052B0A5ED00097136B /* Slide_NumberUITestsLaunchTests.swift */ = {isa = PBXFileReference; lastKnownFileType = sourcecode.swift; path = Slide_NumberUITestsLaunchTests.swift; sourceTree = "<group>"; };
/* End PBXFileReference section */

/* Begin PBXFrameworksBuildPhase section */
		671BDDE22B0A5ECE0097136B /* Frameworks */ = {
			isa = PBXFrameworksBuildPhase;
			buildActionMask = 2147483647;
			files = (
			);
			runOnlyForDeploymentPostprocessing = 0;
		};
		671BDDF22B0A5ED00097136B /* Frameworks */ = {
			isa = PBXFrameworksBuildPhase;
			buildActionMask = 2147483647;
			files = (
			);
			runOnlyForDeploymentPostprocessing = 0;
		};
		671BDDFC2B0A5ED00097136B /* Frameworks */ = {
			isa = PBXFrameworksBuildPhase;
			buildActionMask = 2147483647;
			files = (
			);
			runOnlyForDeploymentPostprocessing = 0;
		};
/* End PBXFrameworksBuildPhase section */

/* Begin PBXGroup section */
		671BDDDC2B0A5ECE0097136B = {
			isa = PBXGroup;
			children = (
				671BDDE72B0A5ECE0097136B /* Slide Number */,
				671BDDF82B0A5ED00097136B /* Slide NumberTests */,
				671BDE022B0A5ED00097136B /* Slide NumberUITests */,
				671BDDE62B0A5ECE0097136B /* Products */,
			);
			sourceTree = "<group>";
		};
		671BDDE62B0A5ECE0097136B /* Products */ = {
			isa = PBXGroup;
			children = (
				671BDDE52B0A5ECE0097136B /* Slide Number.app */,
				671BDDF52B0A5ED00097136B /* Slide NumberTests.xctest */,
				671BDDFF2B0A5ED00097136B /* Slide NumberUITests.xctest */,
			);
			name = Products;
			sourceTree = "<group>";
		};
		671BDDE72B0A5ECE0097136B /* Slide Number */ = {
			isa = PBXGroup;
			children = (
				671BDDE82B0A5ECE0097136B /* Slide_NumberApp.swift */,
				671BDDEA2B0A5ECE0097136B /* ContentView.swift */,
				671BDDEC2B0A5ECF0097136B /* Assets.xcassets */,
				671BDDEE2B0A5ECF0097136B /* Preview Content */,
			);
			path = "Slide Number";
			sourceTree = "<group>";
		};
		671BDDEE2B0A5ECF0097136B /* Preview Content */ = {
			isa = PBXGroup;
			children = (
				671BDDEF2B0A5ECF0097136B /* Preview Assets.xcassets */,
			);
			path = "Preview Content";
			sourceTree = "<group>";
		};
		671BDDF82B0A5ED00097136B /* Slide NumberTests */ = {
			isa = PBXGroup;
			children = (
				671BDDF92B0A5ED00097136B /* Slide_NumberTests.swift */,
			);
			path = "Slide NumberTests";
			sourceTree = "<group>";
		};
		671BDE022B0A5ED00097136B /* Slide NumberUITests */ = {
			isa = PBXGroup;
			children = (
				671BDE032B0A5ED00097136B /* Slide_NumberUITests.swift */,
				671BDE052B0A5ED00097136B /* Slide_NumberUITestsLaunchTests.swift */,
			);
			path = "Slide NumberUITests";
			sourceTree = "<group>";
		};
/* End PBXGroup section */

/* Begin PBXNativeTarget section */
		671BDDE42B0A5ECE0097136B /* Slide Number */ = {
			isa = PBXNativeTarget;
			buildConfigurationList = 671BDE092B0A5ED00097136B /* Build configuration list for PBXNativeTarget "Slide Number" */;
			buildPhases = (
				671BDDE12B0A5ECE0097136B /* Sources */,
				671BDDE22B0A5ECE0097136B /* Frameworks */,
				671BDDE32B0A5ECE0097136B /* Resources */,
			);
			buildRules = (
			);
			dependencies = (
			);
			name = "Slide Number";
			productName = "Slide Number";
			productReference = 671BDDE52B0A5ECE0097136B /* Slide Number.app */;
			productType = "com.apple.product-type.application";
		};
		671BDDF42B0A5ED00097136B /* Slide NumberTests */ = {
			isa = PBXNativeTarget;
			buildConfigurationList = 671BDE0C2B0A5ED00097136B /* Build configuration list for PBXNativeTarget "Slide NumberTests" */;
			buildPhases = (
				671BDDF12B0A5ED00097136B /* Sources */,
				671BDDF22B0A5ED00097136B /* Frameworks */,
				671BDDF32B0A5ED00097136B /* Resources */,
			);
			buildRules = (
			);
			dependencies = (
				671BDDF72B0A5ED00097136B /* PBXTargetDependency */,
			);
			name = "Slide NumberTests";
			productName = "Slide NumberTests";
			productReference = 671BDDF52B0A5ED00097136B /* Slide NumberTests.xctest */;
			productType = "com.apple.product-type.bundle.unit-test";
		};
		671BDDFE2B0A5ED00097136B /* Slide NumberUITests */ = {
			isa = PBXNativeTarget;
			buildConfigurationList = 671BDE0F2B0A5ED00097136B /* Build configuration list for PBXNativeTarget "Slide NumberUITests" */;
			buildPhases = (
				671BDDFB2B0A5ED00097136B /* Sources */,
				671BDDFC2B0A5ED00097136B /* Frameworks */,
				671BDDFD2B0A5ED00097136B /* Resources */,
			);
			buildRules = (
			);
			dependencies = (
				671BDE012B0A5ED00097136B /* PBXTargetDependency */,
			);
			name = "Slide NumberUITests";
			productName = "Slide NumberUITests";
			productReference = 671BDDFF2B0A5ED00097136B /* Slide NumberUITests.xctest */;
			productType = "com.apple.product-type.bundle.ui-testing";
		};
/* End PBXNativeTarget section */

/* Begin PBXProject section */
		671BDDDD2B0A5ECE0097136B /* Project object */ = {
			isa = PBXProject;
			attributes = {
				BuildIndependentTargetsInParallel = 1;
				LastSwiftUpdateCheck = 1430;
				LastUpgradeCheck = 1430;
				TargetAttributes = {
					671BDDE42B0A5ECE0097136B = {
						CreatedOnToolsVersion = 14.3;
					};
					671BDDF42B0A5ED00097136B = {
						CreatedOnToolsVersion = 14.3;
						TestTargetID = 671BDDE42B0A5ECE0097136B;
					};
					671BDDFE2B0A5ED00097136B = {
						CreatedOnToolsVersion = 14.3;
						TestTargetID = 671BDDE42B0A5ECE0097136B;
					};
				};
			};
			buildConfigurationList = 671BDDE02B0A5ECE0097136B /* Build configuration list for PBXProject "Slide Number" */;
			compatibilityVersion = "Xcode 14.0";
			developmentRegion = en;
			hasScannedForEncodings = 0;
			knownRegions = (
				en,
				Base,
			);
			mainGroup = 671BDDDC2B0A5ECE0097136B;
			productRefGroup = 671BDDE62B0A5ECE0097136B /* Products */;
			projectDirPath = "";
			projectRoot = "";
			targets = (
				671BDDE42B0A5ECE0097136B /* Slide Number */,
				671BDDF42B0A5ED00097136B /* Slide NumberTests */,
				671BDDFE2B0A5ED00097136B /* Slide NumberUITests */,
			);
		};
/* End PBXProject section */

/* Begin PBXResourcesBuildPhase section */
		671BDDE32B0A5ECE0097136B /* Resources */ = {
			isa = PBXResourcesBuildPhase;
			buildActionMask = 2147483647;
			files = (
				671BDDF02B0A5ECF0097136B /* Preview Assets.xcassets in Resources */,
				671BDDED2B0A5ECF0097136B /* Assets.xcassets in Resources */,
			);
			runOnlyForDeploymentPostprocessing = 0;
		};
		671BDDF32B0A5ED00097136B /* Resources */ = {
			isa = PBXResourcesBuildPhase;
			buildActionMask = 2147483647;
			files = (
			);
			runOnlyForDeploymentPostprocessing = 0;
		};
		671BDDFD2B0A5ED00097136B /* Resources */ = {
			isa = PBXResourcesBuildPhase;
			buildActionMask = 2147483647;
			files = (
			);
			runOnlyForDeploymentPostprocessing = 0;
		};
/* End PBXResourcesBuildPhase section */

/* Begin PBXSourcesBuildPhase section */
		671BDDE12B0A5ECE0097136B /* Sources */ = {
			isa = PBXSourcesBuildPhase;
			buildActionMask = 2147483647;
			files = (
				671BDDEB2B0A5ECE0097136B /* ContentView.swift in Sources */,
				671BDDE92B0A5ECE0097136B /* Slide_NumberApp.swift in Sources */,
			);
			runOnlyForDeploymentPostprocessing = 0;
		};
		671BDDF12B0A5ED00097136B /* Sources */ = {
			isa = PBXSourcesBuildPhase;
			buildActionMask = 2147483647;
			files = (
				671BDDFA2B0A5ED00097136B /* Slide_NumberTests.swift in Sources */,
			);
			runOnlyForDeploymentPostprocessing = 0;
		};
		671BDDFB2B0A5ED00097136B /* Sources */ = {
			isa = PBXSourcesBuildPhase;
			buildActionMask = 2147483647;
			files = (
				671BDE042B0A5ED00097136B /* Slide_NumberUITests.swift in Sources */,
				671BDE062B0A5ED00097136B /* Slide_NumberUITestsLaunchTests.swift in Sources */,
			);
			runOnlyForDeploymentPostprocessing = 0;
		};
/* End PBXSourcesBuildPhase section */

/* Begin PBXTargetDependency section */
		671BDDF72B0A5ED00097136B /* PBXTargetDependency */ = {
			isa = PBXTargetDependency;
			target = 671BDDE42B0A5ECE0097136B /* Slide Number */;
			targetProxy = 671BDDF62B0A5ED00097136B /* PBXContainerItemProxy */;
		};
		671BDE012B0A5ED00097136B /* PBXTargetDependency */ = {
			isa = PBXTargetDependency;
			target = 671BDDE42B0A5ECE0097136B /* Slide Number */;
			targetProxy = 671BDE002B0A5ED00097136B /* PBXContainerItemProxy */;
		};
/* End PBXTargetDependency section */

/* Begin XCBuildConfiguration section */
		671BDE072B0A5ED00097136B /* Debug */ = {
			isa = XCBuildConfiguration;
			buildSettings = {
				ALWAYS_SEARCH_USER_PATHS = NO;
				CLANG_ANALYZER_NONNULL = YES;
				CLANG_ANALYZER_NUMBER_OBJECT_CONVERSION = YES_AGGRESSIVE;
				CLANG_CXX_LANGUAGE_STANDARD = "gnu++20";
				CLANG_ENABLE_MODULES = YES;
				CLANG_ENABLE_OBJC_ARC = YES;
				CLANG_ENABLE_OBJC_WEAK = YES;
				CLANG_WARN_BLOCK_CAPTURE_AUTORELEASING = YES;
				CLANG_WARN_BOOL_CONVERSION = YES;
				CLANG_WARN_COMMA = YES;
				CLANG_WARN_CONSTANT_CONVERSION = YES;
				CLANG_WARN_DEPRECATED_OBJC_IMPLEMENTATIONS = YES;
				CLANG_WARN_DIRECT_OBJC_ISA_USAGE = YES_ERROR;
				CLANG_WARN_DOCUMENTATION_COMMENTS = YES;
				CLANG_WARN_EMPTY_BODY = YES;
				CLANG_WARN_ENUM_CONVERSION = YES;
				CLANG_WARN_INFINITE_RECURSION = YES;
				CLANG_WARN_INT_CONVERSION = YES;
				CLANG_WARN_NON_LITERAL_NULL_CONVERSION = YES;
				CLANG_WARN_OBJC_IMPLICIT_RETAIN_SELF = YES;
				CLANG_WARN_OBJC_LITERAL_CONVERSION = YES;
				CLANG_WARN_OBJC_ROOT_CLASS = YES_ERROR;
				CLANG_WARN_QUOTED_INCLUDE_IN_FRAMEWORK_HEADER = YES;
				CLANG_WARN_RANGE_LOOP_ANALYSIS = YES;
				CLANG_WARN_STRICT_PROTOTYPES = YES;
				CLANG_WARN_SUSPICIOUS_MOVE = YES;
				CLANG_WARN_UNGUARDED_AVAILABILITY = YES_AGGRESSIVE;
				CLANG_WARN_UNREACHABLE_CODE = YES;
				CLANG_WARN__DUPLICATE_METHOD_MATCH = YES;
				COPY_PHASE_STRIP = NO;
				DEBUG_INFORMATION_FORMAT = dwarf;
				ENABLE_STRICT_OBJC_MSGSEND = YES;
				ENABLE_TESTABILITY = YES;
				GCC_C_LANGUAGE_STANDARD = gnu11;
				GCC_DYNAMIC_NO_PIC = NO;
				GCC_NO_COMMON_BLOCKS = YES;
				GCC_OPTIMIZATION_LEVEL = 0;
				GCC_PREPROCESSOR_DEFINITIONS = (
					"DEBUG=1",
					"$(inherited)",
				);
				GCC_WARN_64_TO_32_BIT_CONVERSION = YES;
				GCC_WARN_ABOUT_RETURN_TYPE = YES_ERROR;
				GCC_WARN_UNDECLARED_SELECTOR = YES;
				GCC_WARN_UNINITIALIZED_AUTOS = YES_AGGRESSIVE;
				GCC_WARN_UNUSED_FUNCTION = YES;
				GCC_WARN_UNUSED_VARIABLE = YES;
				IPHONEOS_DEPLOYMENT_TARGET = 16.4;
				MTL_ENABLE_DEBUG_INFO = INCLUDE_SOURCE;
				MTL_FAST_MATH = YES;
				ONLY_ACTIVE_ARCH = YES;
				SDKROOT = iphoneos;
				SWIFT_ACTIVE_COMPILATION_CONDITIONS = DEBUG;
				SWIFT_OPTIMIZATION_LEVEL = "-Onone";
			};
			name = Debug;
		};
		671BDE082B0A5ED00097136B /* Release */ = {
			isa = XCBuildConfiguration;
			buildSettings = {
				ALWAYS_SEARCH_USER_PATHS = NO;
				CLANG_ANALYZER_NONNULL = YES;
				CLANG_ANALYZER_NUMBER_OBJECT_CONVERSION = YES_AGGRESSIVE;
				CLANG_CXX_LANGUAGE_STANDARD = "gnu++20";
				CLANG_ENABLE_MODULES = YES;
				CLANG_ENABLE_OBJC_ARC = YES;
				CLANG_ENABLE_OBJC_WEAK = YES;
				CLANG_WARN_BLOCK_CAPTURE_AUTORELEASING = YES;
				CLANG_WARN_BOOL_CONVERSION = YES;
				CLANG_WARN_COMMA = YES;
				CLANG_WARN_CONSTANT_CONVERSION = YES;
				CLANG_WARN_DEPRECATED_OBJC_IMPLEMENTATIONS = YES;
				CLANG_WARN_DIRECT_OBJC_ISA_USAGE = YES_ERROR;
				CLANG_WARN_DOCUMENTATION_COMMENTS = YES;
				CLANG_WARN_EMPTY_BODY = YES;
				CLANG_WARN_ENUM_CONVERSION = YES;
				CLANG_WARN_INFINITE_RECURSION = YES;
				CLANG_WARN_INT_CONVERSION = YES;
				CLANG_WARN_NON_LITERAL_NULL_CONVERSION = YES;
				CLANG_WARN_OBJC_IMPLICIT_RETAIN_SELF = YES;
				CLANG_WARN_OBJC_LITERAL_CONVERSION = YES;
				CLANG_WARN_OBJC_ROOT_CLASS = YES_ERROR;
				CLANG_WARN_QUOTED_INCLUDE_IN_FRAMEWORK_HEADER = YES;
				CLANG_WARN_RANGE_LOOP_ANALYSIS = YES;
				CLANG_WARN_STRICT_PROTOTYPES = YES;
				CLANG_WARN_SUSPICIOUS_MOVE = YES;
				CLANG_WARN_UNGUARDED_AVAILABILITY = YES_AGGRESSIVE;
				CLANG_WARN_UNREACHABLE_CODE = YES;
				CLANG_WARN__DUPLICATE_METHOD_MATCH = YES;
				COPY_PHASE_STRIP = NO;
				DEBUG_INFORMATION_FORMAT = "dwarf-with-dsym";
				ENABLE_NS_ASSERTIONS = NO;
				ENABLE_STRICT_OBJC_MSGSEND = YES;
				GCC_C_LANGUAGE_STANDARD = gnu11;
				GCC_NO_COMMON_BLOCKS = YES;
				GCC_WARN_64_TO_32_BIT_CONVERSION = YES;
				GCC_WARN_ABOUT_RETURN_TYPE = YES_ERROR;
				GCC_WARN_UNDECLARED_SELECTOR = YES;
				GCC_WARN_UNINITIALIZED_AUTOS = YES_AGGRESSIVE;
				GCC_WARN_UNUSED_FUNCTION = YES;
				GCC_WARN_UNUSED_VARIABLE = YES;
				IPHONEOS_DEPLOYMENT_TARGET = 16.4;
				MTL_ENABLE_DEBUG_INFO = NO;
				MTL_FAST_MATH = YES;
				SDKROOT = iphoneos;
				SWIFT_COMPILATION_MODE = wholemodule;
				SWIFT_OPTIMIZATION_LEVEL = "-O";
				VALIDATE_PRODUCT = YES;
			};
			name = Release;
		};
		671BDE0A2B0A5ED00097136B /* Debug */ = {
			isa = XCBuildConfiguration;
			buildSettings = {
				ASSETCATALOG_COMPILER_APPICON_NAME = AppIcon;
				ASSETCATALOG_COMPILER_GLOBAL_ACCENT_COLOR_NAME = AccentColor;
				CODE_SIGN_STYLE = Automatic;
				CURRENT_PROJECT_VERSION = 1;
				DEVELOPMENT_ASSET_PATHS = "\"Slide Number/Preview Content\"";
				ENABLE_PREVIEWS = YES;
				GENERATE_INFOPLIST_FILE = YES;
				INFOPLIST_KEY_UIApplicationSceneManifest_Generation = YES;
				INFOPLIST_KEY_UIApplicationSupportsIndirectInputEvents = YES;
				INFOPLIST_KEY_UILaunchScreen_Generation = YES;
				INFOPLIST_KEY_UISupportedInterfaceOrientations_iPad = "UIInterfaceOrientationPortrait UIInterfaceOrientationPortraitUpsideDown UIInterfaceOrientationLandscapeLeft UIInterfaceOrientationLandscapeRight";
				INFOPLIST_KEY_UISupportedInterfaceOrientations_iPhone = "UIInterfaceOrientationPortrait UIInterfaceOrientationLandscapeLeft UIInterfaceOrientationLandscapeRight";
				LD_RUNPATH_SEARCH_PATHS = (
					"$(inherited)",
					"@executable_path/Frameworks",
				);
				MARKETING_VERSION = 1.0;
				PRODUCT_BUNDLE_IDENTIFIER = "com.-gmail.ko.pornpongsawadi.Slide-Number";
				PRODUCT_NAME = "$(TARGET_NAME)";
				SWIFT_EMIT_LOC_STRINGS = YES;
				SWIFT_VERSION = 5.0;
				TARGETED_DEVICE_FAMILY = "1,2";
			};
			name = Debug;
		};
		671BDE0B2B0A5ED00097136B /* Release */ = {
			isa = XCBuildConfiguration;
			buildSettings = {
				ASSETCATALOG_COMPILER_APPICON_NAME = AppIcon;
				ASSETCATALOG_COMPILER_GLOBAL_ACCENT_COLOR_NAME = AccentColor;
				CODE_SIGN_STYLE = Automatic;
				CURRENT_PROJECT_VERSION = 1;
				DEVELOPMENT_ASSET_PATHS = "\"Slide Number/Preview Content\"";
				ENABLE_PREVIEWS = YES;
				GENERATE_INFOPLIST_FILE = YES;
				INFOPLIST_KEY_UIApplicationSceneManifest_Generation = YES;
				INFOPLIST_KEY_UIApplicationSupportsIndirectInputEvents = YES;
				INFOPLIST_KEY_UILaunchScreen_Generation = YES;
				INFOPLIST_KEY_UISupportedInterfaceOrientations_iPad = "UIInterfaceOrientationPortrait UIInterfaceOrientationPortraitUpsideDown UIInterfaceOrientationLandscapeLeft UIInterfaceOrientationLandscapeRight";
				INFOPLIST_KEY_UISupportedInterfaceOrientations_iPhone = "UIInterfaceOrientationPortrait UIInterfaceOrientationLandscapeLeft UIInterfaceOrientationLandscapeRight";
				LD_RUNPATH_SEARCH_PATHS = (
					"$(inherited)",
					"@executable_path/Frameworks",
				);
				MARKETING_VERSION = 1.0;
				PRODUCT_BUNDLE_IDENTIFIER = "com.-gmail.ko.pornpongsawadi.Slide-Number";
				PRODUCT_NAME = "$(TARGET_NAME)";
				SWIFT_EMIT_LOC_STRINGS = YES;
				SWIFT_VERSION = 5.0;
				TARGETED_DEVICE_FAMILY = "1,2";
			};
			name = Release;
		};
		671BDE0D2B0A5ED00097136B /* Debug */ = {
			isa = XCBuildConfiguration;
			buildSettings = {
				ALWAYS_EMBED_SWIFT_STANDARD_LIBRARIES = YES;
				BUNDLE_LOADER = "$(TEST_HOST)";
				CODE_SIGN_STYLE = Automatic;
				CURRENT_PROJECT_VERSION = 1;
				GENERATE_INFOPLIST_FILE = YES;
				IPHONEOS_DEPLOYMENT_TARGET = 16.4;
				MARKETING_VERSION = 1.0;
				PRODUCT_BUNDLE_IDENTIFIER = "com.-gmail.ko.pornpongsawadi.Slide-NumberTests";
				PRODUCT_NAME = "$(TARGET_NAME)";
				SWIFT_EMIT_LOC_STRINGS = NO;
				SWIFT_VERSION = 5.0;
				TARGETED_DEVICE_FAMILY = "1,2";
				TEST_HOST = "$(BUILT_PRODUCTS_DIR)/Slide Number.app/$(BUNDLE_EXECUTABLE_FOLDER_PATH)/Slide Number";
			};
			name = Debug;
		};
		671BDE0E2B0A5ED00097136B /* Release */ = {
			isa = XCBuildConfiguration;
			buildSettings = {
				ALWAYS_EMBED_SWIFT_STANDARD_LIBRARIES = YES;
				BUNDLE_LOADER = "$(TEST_HOST)";
				CODE_SIGN_STYLE = Automatic;
				CURRENT_PROJECT_VERSION = 1;
				GENERATE_INFOPLIST_FILE = YES;
				IPHONEOS_DEPLOYMENT_TARGET = 16.4;
				MARKETING_VERSION = 1.0;
				PRODUCT_BUNDLE_IDENTIFIER = "com.-gmail.ko.pornpongsawadi.Slide-NumberTests";
				PRODUCT_NAME = "$(TARGET_NAME)";
				SWIFT_EMIT_LOC_STRINGS = NO;
				SWIFT_VERSION = 5.0;
				TARGETED_DEVICE_FAMILY = "1,2";
				TEST_HOST = "$(BUILT_PRODUCTS_DIR)/Slide Number.app/$(BUNDLE_EXECUTABLE_FOLDER_PATH)/Slide Number";
			};
			name = Release;
		};
		671BDE102B0A5ED00097136B /* Debug */ = {
			isa = XCBuildConfiguration;
			buildSettings = {
				ALWAYS_EMBED_SWIFT_STANDARD_LIBRARIES = YES;
				CODE_SIGN_STYLE = Automatic;
				CURRENT_PROJECT_VERSION = 1;
				GENERATE_INFOPLIST_FILE = YES;
				MARKETING_VERSION = 1.0;
				PRODUCT_BUNDLE_IDENTIFIER = "com.-gmail.ko.pornpongsawadi.Slide-NumberUITests";
				PRODUCT_NAME = "$(TARGET_NAME)";
				SWIFT_EMIT_LOC_STRINGS = NO;
				SWIFT_VERSION = 5.0;
				TARGETED_DEVICE_FAMILY = "1,2";
				TEST_TARGET_NAME = "Slide Number";
			};
			name = Debug;
		};
		671BDE112B0A5ED00097136B /* Release */ = {
			isa = XCBuildConfiguration;
			buildSettings = {
				ALWAYS_EMBED_SWIFT_STANDARD_LIBRARIES = YES;
				CODE_SIGN_STYLE = Automatic;
				CURRENT_PROJECT_VERSION = 1;
				GENERATE_INFOPLIST_FILE = YES;
				MARKETING_VERSION = 1.0;
				PRODUCT_BUNDLE_IDENTIFIER = "com.-gmail.ko.pornpongsawadi.Slide-NumberUITests";
				PRODUCT_NAME = "$(TARGET_NAME)";
				SWIFT_EMIT_LOC_STRINGS = NO;
				SWIFT_VERSION = 5.0;
				TARGETED_DEVICE_FAMILY = "1,2";
				TEST_TARGET_NAME = "Slide Number";
			};
			name = Release;
		};
/* End XCBuildConfiguration section */

/* Begin XCConfigurationList section */
		671BDDE02B0A5ECE0097136B /* Build configuration list for PBXProject "Slide Number" */ = {
			isa = XCConfigurationList;
			buildConfigurations = (
				671BDE072B0A5ED00097136B /* Debug */,
				671BDE082B0A5ED00097136B /* Release */,
			);
			defaultConfigurationIsVisible = 0;
			defaultConfigurationName = Release;
		};
		671BDE092B0A5ED00097136B /* Build configuration list for PBXNativeTarget "Slide Number" */ = {
			isa = XCConfigurationList;
			buildConfigurations = (
				671BDE0A2B0A5ED00097136B /* Debug */,
				671BDE0B2B0A5ED00097136B /* Release */,
			);
			defaultConfigurationIsVisible = 0;
			defaultConfigurationName = Release;
		};
		671BDE0C2B0A5ED00097136B /* Build configuration list for PBXNativeTarget "Slide NumberTests" */ = {
			isa = XCConfigurationList;
			buildConfigurations = (
				671BDE0D2B0A5ED00097136B /* Debug */,
				671BDE0E2B0A5ED00097136B /* Release */,
			);
			defaultConfigurationIsVisible = 0;
			defaultConfigurationName = Release;
		};
		671BDE0F2B0A5ED00097136B /* Build configuration list for PBXNativeTarget "Slide NumberUITests" */ = {
			isa = XCConfigurationList;
			buildConfigurations = (
				671BDE102B0A5ED00097136B /* Debug */,
				671BDE112B0A5ED00097136B /* Release */,
			);
			defaultConfigurationIsVisible = 0;
			defaultConfigurationName = Release;
		};
/* End XCConfigurationList section */
	};
	rootObject = 671BDDDD2B0A5ECE0097136B /* Project object */;
}
